
Microsoft Visual Studio Solution File, Format Version 12.00
# Visual Studio 15
VisualStudioVersion = 15.0.28307.489
MinimumVisualStudioVersion = 10.0.40219.1
Project("{8BC9CEB8-8B4A-11D0-8D11-00A0C91BC942}") = "Point Cloud", "Point Cloud\Point Cloud.vcxproj", "{179C1B5C-530A-4419-BBCA-CCE8388F96AC}"
EndProject
Project("{8BC9CEB8-8B4A-11D0-8D11-00A0C91BC942}") = "PCD Compress", "PCD Compress\PCD Compress.vcxproj", "{395918E2-7AD3-4F6B-907F-1D8CD6CEADB4}"
EndProject
Global
	GlobalSection(SolutionConfigurationPlatforms) = preSolution
		Debug|x64 = Debug|x64
		Debug|x86 = Debug|x86
		Release|x64 = Release|x64
		Release|x86 = Release|x86
	EndGlobalSection
	GlobalSection(ProjectConfigurationPlatforms) = postSolution
		{179C1B5C-530A-4419-BBCA-CCE8388F96AC}.Debug|x64.ActiveCfg = Debug|x64
		{179C1B5C-530A-4419-BBCA-CCE8388F96AC}.Debug|x64.Build.0 = Debug|x64
		{179C1B5C-530A-4419-BBCA-CCE8388F96AC}.Debug|x86.ActiveCfg = Debug|Win32
		{179C1B5C-530A-4419-BBCA-CCE8388F96AC}.Debug|x86.Build.0 = Debug|Win32
		{179C1B5C-530A-4419-BBCA-CCE8388F96AC}.Release|x64.ActiveCfg = Release|x64
		{179C1B5C-530A-4419-BBCA-CCE8388F96AC}.Release|x64.Build.0 = Release|x64
		{179C1B5C-530A-4419-BBCA-CCE8388F96AC}.Release|x86.ActiveCfg = Release|Win32
		{179C1B5C-530A-4419-BBCA-CCE8388F96AC}.Release|x86.Build.0 = Release|Win32
		{395918E2-7AD3-4F6B-907F-1D8CD6CEADB4}.Debug|x64.ActiveCfg = Debug|x64
		{395918E2-7AD3-4F6B-907F-1D8CD6CEADB4}.Debug|x64.Build.0 = Debug|x64
		{395918E2-7AD3-4F6B-907F-1D8CD6CEADB4}.Debug|x86.ActiveCfg = Debug|Win32
		{395918E2-7AD3-4F6B-907F-1D8CD6CEADB4}.Debug|x86.Build.0 = Debug|Win32
		{395918E2-7AD3-4F6B-907F-1D8CD6CEADB4}.Release|x64.ActiveCfg = Release|x64
		{395918E2-7AD3-4F6B-907F-1D8CD6CEADB4}.Release|x64.Build.0 = Release|x64
		{395918E2-7AD3-4F6B-907F-1D8CD6CEADB4}.Release|x86.ActiveCfg = Release|Win32
		{395918E2-7AD3-4F6B-907F-1D8CD6CEADB4}.Release|x86.Build.0 = Release|Win32
	EndGlobalSection
	GlobalSection(SolutionProperties) = preSolution
		HideSolutionNode = FALSE
	EndGlobalSection
	GlobalSection(ExtensibilityGlobals) = postSolution
		SolutionGuid = {73BEB5A9-42CC-422F-8E69-7667BBFA5BA1}
	EndGlobalSection
EndGlobal
